// !$*UTF8*$!
{
	archiveVersion = 1;
	classes = {
	};
	objectVersion = 50;
	objects = {

/* Begin PBXBuildFile section */
		D00C58FE20A26BB200B601CA /* PlaySoundsViewController+Audio.swift in Sources */ = {isa = PBXBuildFile; fileRef = D00C58FD20A26BB200B601CA /* PlaySoundsViewController+Audio.swift */; };
		D08E692B209FB4D70096F15E /* PlaySoundsViewController.swift in Sources */ = {isa = PBXBuildFile; fileRef = D08E692A209FB4D70096F15E /* PlaySoundsViewController.swift */; };
		D0EA2A28209E800D00C52457 /* AppDelegate.swift in Sources */ = {isa = PBXBuildFile; fileRef = D0EA2A27209E800D00C52457 /* AppDelegate.swift */; };
		D0EA2A2A209E800D00C52457 /* RecordSoundsViewController.swift in Sources */ = {isa = PBXBuildFile; fileRef = D0EA2A29209E800D00C52457 /* RecordSoundsViewController.swift */; };
		D0EA2A2D209E800D00C52457 /* Main.storyboard in Resources */ = {isa = PBXBuildFile; fileRef = D0EA2A2B209E800D00C52457 /* Main.storyboard */; };
		D0EA2A2F209E800E00C52457 /* Assets.xcassets in Resources */ = {isa = PBXBuildFile; fileRef = D0EA2A2E209E800E00C52457 /* Assets.xcassets */; };
		D0EA2A32209E800E00C52457 /* LaunchScreen.storyboard in Resources */ = {isa = PBXBuildFile; fileRef = D0EA2A30209E800E00C52457 /* LaunchScreen.storyboard */; };
/* End PBXBuildFile section */

/* Begin PBXFileReference section */
		D00C58FD20A26BB200B601CA /* PlaySoundsViewController+Audio.swift */ = {isa = PBXFileReference; fileEncoding = 4; lastKnownFileType = sourcecode.swift; path = "PlaySoundsViewController+Audio.swift"; sourceTree = "<group>"; };
		D08E692A209FB4D70096F15E /* PlaySoundsViewController.swift */ = {isa = PBXFileReference; lastKnownFileType = sourcecode.swift; path = PlaySoundsViewController.swift; sourceTree = "<group>"; };
		D0EA2A24209E800D00C52457 /* PitchPerfect.app */ = {isa = PBXFileReference; explicitFileType = wrapper.application; includeInIndex = 0; path = PitchPerfect.app; sourceTree = BUILT_PRODUCTS_DIR; };
		D0EA2A27209E800D00C52457 /* AppDelegate.swift */ = {isa = PBXFileReference; lastKnownFileType = sourcecode.swift; path = AppDelegate.swift; sourceTree = "<group>"; };
		D0EA2A29209E800D00C52457 /* RecordSoundsViewController.swift */ = {isa = PBXFileReference; lastKnownFileType = sourcecode.swift; path = RecordSoundsViewController.swift; sourceTree = "<group>"; };
		D0EA2A2C209E800D00C52457 /* Base */ = {isa = PBXFileReference; lastKnownFileType = file.storyboard; name = Base; path = Base.lproj/Main.storyboard; sourceTree = "<group>"; };
		D0EA2A2E209E800E00C52457 /* Assets.xcassets */ = {isa = PBXFileReference; lastKnownFileType = folder.assetcatalog; path = Assets.xcassets; sourceTree = "<group>"; };
		D0EA2A31209E800E00C52457 /* Base */ = {isa = PBXFileReference; lastKnownFileType = file.storyboard; name = Base; path = Base.lproj/LaunchScreen.storyboard; sourceTree = "<group>"; };
		D0EA2A33209E800E00C52457 /* Info.plist */ = {isa = PBXFileReference; lastKnownFileType = text.plist.xml; path = Info.plist; sourceTree = "<group>"; };
/* End PBXFileReference section */

/* Begin PBXFrameworksBuildPhase section */
		D0EA2A21209E800D00C52457 /* Frameworks */ = {
			isa = PBXFrameworksBuildPhase;
			buildActionMask = 2147483647;
			files = (
			);
			runOnlyForDeploymentPostprocessing = 0;
		};
/* End PBXFrameworksBuildPhase section */

/* Begin PBXGroup section */
		D0EA2A1B209E800D00C52457 = {
			isa = PBXGroup;
			children = (
				D0EA2A26209E800D00C52457 /* PitchPerfect */,
				D0EA2A25209E800D00C52457 /* Products */,
			);
			sourceTree = "<group>";
		};
		D0EA2A25209E800D00C52457 /* Products */ = {
			isa = PBXGroup;
			children = (
				D0EA2A24209E800D00C52457 /* PitchPerfect.app */,
			);
			name = Products;
			sourceTree = "<group>";
		};
		D0EA2A26209E800D00C52457 /* PitchPerfect */ = {
			isa = PBXGroup;
			children = (
				D0EA2A27209E800D00C52457 /* AppDelegate.swift */,
				D0EA2A29209E800D00C52457 /* RecordSoundsViewController.swift */,
				D0EA2A2B209E800D00C52457 /* Main.storyboard */,
				D0EA2A2E209E800E00C52457 /* Assets.xcassets */,
				D0EA2A30209E800E00C52457 /* LaunchScreen.storyboard */,
				D0EA2A33209E800E00C52457 /* Info.plist */,
				D08E692A209FB4D70096F15E /* PlaySoundsViewController.swift */,
				D00C58FD20A26BB200B601CA /* PlaySoundsViewController+Audio.swift */,
			);
			path = PitchPerfect;
			sourceTree = "<group>";
		};
/* End PBXGroup section */

/* Begin PBXNativeTarget section */
		D0EA2A23209E800D00C52457 /* PitchPerfect */ = {
			isa = PBXNativeTarget;
			buildConfigurationList = D0EA2A36209E800E00C52457 /* Build configuration list for PBXNativeTarget "PitchPerfect" */;
			buildPhases = (
				D0EA2A20209E800D00C52457 /* Sources */,
				D0EA2A21209E800D00C52457 /* Frameworks */,
				D0EA2A22209E800D00C52457 /* Resources */,
			);
			buildRules = (
			);
			dependencies = (
			);
			name = PitchPerfect;
			productName = PitchPerfect;
			productReference = D0EA2A24209E800D00C52457 /* PitchPerfect.app */;
			productType = "com.apple.product-type.application";
		};
/* End PBXNativeTarget section */

/* Begin PBXProject section */
		D0EA2A1C209E800D00C52457 /* Project object */ = {
			isa = PBXProject;
			attributes = {
				LastSwiftUpdateCheck = 0930;
				LastUpgradeCheck = 0930;
				ORGANIZATIONNAME = peter;
				TargetAttributes = {
					D0EA2A23209E800D00C52457 = {
						CreatedOnToolsVersion = 9.3;
					};
				};
			};
			buildConfigurationList = D0EA2A1F209E800D00C52457 /* Build configuration list for PBXProject "PitchPerfect" */;
			compatibilityVersion = "Xcode 9.3";
			developmentRegion = en;
			hasScannedForEncodings = 0;
			knownRegions = (
				en,
				Base,
			);
			mainGroup = D0EA2A1B209E800D00C52457;
			productRefGroup = D0EA2A25209E800D00C52457 /* Products */;
			projectDirPath = "";
			projectRoot = "";
			targets = (
				D0EA2A23209E800D00C52457 /* PitchPerfect */,
			);
		};
/* End PBXProject section */

/* Begin PBXResourcesBuildPhase section */
		D0EA2A22209E800D00C52457 /* Resources */ = {
			isa = PBXResourcesBuildPhase;
			buildActionMask = 2147483647;
			files = (
				D0EA2A32209E800E00C52457 /* LaunchScreen.storyboard in Resources */,
				D0EA2A2F209E800E00C52457 /* Assets.xcassets in Resources */,
				D0EA2A2D209E800D00C52457 /* Main.storyboard in Resources */,
			);
			runOnlyForDeploymentPostprocessing = 0;
		};
/* End PBXResourcesBuildPhase section */

/* Begin PBXSourcesBuildPhase section */
		D0EA2A20209E800D00C52457 /* Sources */ = {
			isa = PBXSourcesBuildPhase;
			buildActionMask = 2147483647;
			files = (
				D0EA2A2A209E800D00C52457 /* RecordSoundsViewController.swift in Sources */,
				D00C58FE20A26BB200B601CA /* PlaySoundsViewController+Audio.swift in Sources */,
				D08E692B209FB4D70096F15E /* PlaySoundsViewController.swift in Sources */,
				D0EA2A28209E800D00C52457 /* AppDelegate.swift in Sources */,
			);
			runOnlyForDeploymentPostprocessing = 0;
		};
/* End PBXSourcesBuildPhase section */

/* Begin PBXVariantGroup section */
		D0EA2A2B209E800D00C52457 /* Main.storyboard */ = {
			isa = PBXVariantGroup;
			children = (
				D0EA2A2C209E800D00C52457 /* Base */,
			);
			name = Main.storyboard;
			sourceTree = "<group>";
		};
		D0EA2A30209E800E00C52457 /* LaunchScreen.storyboard */ = {
			isa = PBXVariantGroup;
			children = (
				D0EA2A31209E800E00C52457 /* Base */,
			);
			name = LaunchScreen.storyboard;
			sourceTree = "<group>";
		};
/* End PBXVariantGroup section */

/* Begin XCBuildConfiguration section */
		D0EA2A34209E800E00C52457 /* Debug */ = {
			isa = XCBuildConfiguration;
			buildSettings = {
				ALWAYS_SEARCH_USER_PATHS = NO;
				CLANG_ANALYZER_NONNULL = YES;
				CLANG_ANALYZER_NUMBER_OBJECT_CONVERSION = YES_AGGRESSIVE;
				CLANG_CXX_LANGUAGE_STANDARD = "gnu++14";
				CLANG_CXX_LIBRARY = "libc++";
				CLANG_ENABLE_MODULES = YES;
				CLANG_ENABLE_OBJC_ARC = YES;
				CLANG_ENABLE_OBJC_WEAK = YES;
				CLANG_WARN_BLOCK_CAPTURE_AUTORELEASING = YES;
				CLANG_WARN_BOOL_CONVERSION = YES;
				CLANG_WARN_COMMA = YES;
				CLANG_WARN_CONSTANT_CONVERSION = YES;
				CLANG_WARN_DEPRECATED_OBJC_IMPLEMENTATIONS = YES;
				CLANG_WARN_DIRECT_OBJC_ISA_USAGE = YES_ERROR;
				CLANG_WARN_DOCUMENTATION_COMMENTS = YES;
				CLANG_WARN_EMPTY_BODY = YES;
				CLANG_WARN_ENUM_CONVERSION = YES;
				CLANG_WARN_INFINITE_RECURSION = YES;
				CLANG_WARN_INT_CONVERSION = YES;
				CLANG_WARN_NON_LITERAL_NULL_CONVERSION = YES;
				CLANG_WARN_OBJC_IMPLICIT_RETAIN_SELF = YES;
				CLANG_WARN_OBJC_LITERAL_CONVERSION = YES;
				CLANG_WARN_OBJC_ROOT_CLASS = YES_ERROR;
				CLANG_WARN_RANGE_LOOP_ANALYSIS = YES;
				CLANG_WARN_STRICT_PROTOTYPES = YES;
				CLANG_WARN_SUSPICIOUS_MOVE = YES;
				CLANG_WARN_UNGUARDED_AVAILABILITY = YES_AGGRESSIVE;
				CLANG_WARN_UNREACHABLE_CODE = YES;
				CLANG_WARN__DUPLICATE_METHOD_MATCH = YES;
				CODE_SIGN_IDENTITY = "iPhone Developer";
				COPY_PHASE_STRIP = NO;
				DEBUG_INFORMATION_FORMAT = dwarf;
				ENABLE_STRICT_OBJC_MSGSEND = YES;
				ENABLE_TESTABILITY = YES;
				GCC_C_LANGUAGE_STANDARD = gnu11;
				GCC_DYNAMIC_NO_PIC = NO;
				GCC_NO_COMMON_BLOCKS = YES;
				GCC_OPTIMIZATION_LEVEL = 0;
				GCC_PREPROCESSOR_DEFINITIONS = (
					"DEBUG=1",
					"$(inherited)",
				);
				GCC_WARN_64_TO_32_BIT_CONVERSION = YES;
				GCC_WARN_ABOUT_RETURN_TYPE = YES_ERROR;
				GCC_WARN_UNDECLARED_SELECTOR = YES;
				GCC_WARN_UNINITIALIZED_AUTOS = YES_AGGRESSIVE;
				GCC_WARN_UNUSED_FUNCTION = YES;
				GCC_WARN_UNUSED_VARIABLE = YES;
				IPHONEOS_DEPLOYMENT_TARGET = 11.3;
				MTL_ENABLE_DEBUG_INFO = YES;
				ONLY_ACTIVE_ARCH = YES;
				SDKROOT = iphoneos;
				SWIFT_ACTIVE_COMPILATION_CONDITIONS = DEBUG;
				SWIFT_OPTIMIZATION_LEVEL = "-Onone";
			};
			name = Debug;
		};
		D0EA2A35209E800E00C52457 /* Release */ = {
			isa = XCBuildConfiguration;
			buildSettings = {
				ALWAYS_SEARCH_USER_PATHS = NO;
				CLANG_ANALYZER_NONNULL = YES;
				CLANG_ANALYZER_NUMBER_OBJECT_CONVERSION = YES_AGGRESSIVE;
				CLANG_CXX_LANGUAGE_STANDARD = "gnu++14";
				CLANG_CXX_LIBRARY = "libc++";
				CLANG_ENABLE_MODULES = YES;
				CLANG_ENABLE_OBJC_ARC = YES;
				CLANG_ENABLE_OBJC_WEAK = YES;
				CLANG_WARN_BLOCK_CAPTURE_AUTORELEASING = YES;
				CLANG_WARN_BOOL_CONVERSION = YES;
				CLANG_WARN_COMMA = YES;
				CLANG_WARN_CONSTANT_CONVERSION = YES;
				CLANG_WARN_DEPRECATED_OBJC_IMPLEMENTATIONS = YES;
				CLANG_WARN_DIRECT_OBJC_ISA_USAGE = YES_ERROR;
				CLANG_WARN_DOCUMENTATION_COMMENTS = YES;
				CLANG_WARN_EMPTY_BODY = YES;
				CLANG_WARN_ENUM_CONVERSION = YES;
				CLANG_WARN_INFINITE_RECURSION = YES;
				CLANG_WARN_INT_CONVERSION = YES;
				CLANG_WARN_NON_LITERAL_NULL_CONVERSION = YES;
				CLANG_WARN_OBJC_IMPLICIT_RETAIN_SELF = YES;
				CLANG_WARN_OBJC_LITERAL_CONVERSION = YES;
				CLANG_WARN_OBJC_ROOT_CLASS = YES_ERROR;
				CLANG_WARN_RANGE_LOOP_ANALYSIS = YES;
				CLANG_WARN_STRICT_PROTOTYPES = YES;
				CLANG_WARN_SUSPICIOUS_MOVE = YES;
				CLANG_WARN_UNGUARDED_AVAILABILITY = YES_AGGRESSIVE;
				CLANG_WARN_UNREACHABLE_CODE = YES;
				CLANG_WARN__DUPLICATE_METHOD_MATCH = YES;
				CODE_SIGN_IDENTITY = "iPhone Developer";
				COPY_PHASE_STRIP = NO;
				DEBUG_INFORMATION_FORMAT = "dwarf-with-dsym";
				ENABLE_NS_ASSERTIONS = NO;
				ENABLE_STRICT_OBJC_MSGSEND = YES;
				GCC_C_LANGUAGE_STANDARD = gnu11;
				GCC_NO_COMMON_BLOCKS = YES;
				GCC_WARN_64_TO_32_BIT_CONVERSION = YES;
				GCC_WARN_ABOUT_RETURN_TYPE = YES_ERROR;
				GCC_WARN_UNDECLARED_SELECTOR = YES;
				GCC_WARN_UNINITIALIZED_AUTOS = YES_AGGRESSIVE;
				GCC_WARN_UNUSED_FUNCTION = YES;
				GCC_WARN_UNUSED_VARIABLE = YES;
				IPHONEOS_DEPLOYMENT_TARGET = 11.3;
				MTL_ENABLE_DEBUG_INFO = NO;
				SDKROOT = iphoneos;
				SWIFT_COMPILATION_MODE = wholemodule;
				SWIFT_OPTIMIZATION_LEVEL = "-O";
				VALIDATE_PRODUCT = YES;
			};
			name = Release;
		};
		D0EA2A37209E800E00C52457 /* Debug */ = {
			isa = XCBuildConfiguration;
			buildSettings = {
				ASSETCATALOG_COMPILER_APPICON_NAME = AppIcon;
				CODE_SIGN_STYLE = Automatic;
				INFOPLIST_FILE = PitchPerfect/Info.plist;
				LD_RUNPATH_SEARCH_PATHS = (
					"$(inherited)",
					"@executable_path/Frameworks",
				);
				PRODUCT_BUNDLE_IDENTIFIER = org.nefilim.PitchPerfect;
				PRODUCT_NAME = "$(TARGET_NAME)";
				SWIFT_VERSION = 4.0;
				TARGETED_DEVICE_FAMILY = "1,2";
			};
			name = Debug;
		};
		D0EA2A38209E800E00C52457 /* Release */ = {
			isa = XCBuildConfiguration;
			buildSettings = {
				ASSETCATALOG_COMPILER_APPICON_NAME = AppIcon;
				CODE_SIGN_STYLE = Automatic;
				INFOPLIST_FILE = PitchPerfect/Info.plist;
				LD_RUNPATH_SEARCH_PATHS = (
					"$(inherited)",
					"@executable_path/Frameworks",
				);
				PRODUCT_BUNDLE_IDENTIFIER = org.nefilim.PitchPerfect;
				PRODUCT_NAME = "$(TARGET_NAME)";
				SWIFT_VERSION = 4.0;
				TARGETED_DEVICE_FAMILY = "1,2";
			};
			name = Release;
		};
/* End XCBuildConfiguration section */

/* Begin XCConfigurationList section */
		D0EA2A1F209E800D00C52457 /* Build configuration list for PBXProject "PitchPerfect" */ = {
			isa = XCConfigurationList;
			buildConfigurations = (
				D0EA2A34209E800E00C52457 /* Debug */,
				D0EA2A35209E800E00C52457 /* Release */,
			);
			defaultConfigurationIsVisible = 0;
			defaultConfigurationName = Release;
		};
		D0EA2A36209E800E00C52457 /* Build configuration list for PBXNativeTarget "PitchPerfect" */ = {
			isa = XCConfigurationList;
			buildConfigurations = (
				D0EA2A37209E800E00C52457 /* Debug */,
				D0EA2A38209E800E00C52457 /* Release */,
			);
			defaultConfigurationIsVisible = 0;
			defaultConfigurationName = Release;
		};
/* End XCConfigurationList section */
	};
	rootObject = D0EA2A1C209E800D00C52457 /* Project object */;
}
